
Microsoft Visual Studio Solution File, Format Version 12.00
# Visual Studio Version 17
VisualStudioVersion = 17.8.34330.188
MinimumVisualStudioVersion = 10.0.40219.1
Project("{FAE04EC0-301F-11D3-BF4B-00C04F79EFBC}") = "Dec13 Consile", "Dec13 Consile\Dec13 Consile.csproj", "{EC9089E7-259E-4C96-8FE5-C1090218FD14}"
EndProject
Global
	GlobalSection(SolutionConfigurationPlatforms) = preSolution
		Debug|Any CPU = Debug|Any CPU
		Release|Any CPU = Release|Any CPU
	EndGlobalSection
	GlobalSection(ProjectConfigurationPlatforms) = postSolution
		{EC9089E7-259E-4C96-8FE5-C1090218FD14}.Debug|Any CPU.ActiveCfg = Debug|Any CPU
		{EC9089E7-259E-4C96-8FE5-C1090218FD14}.Debug|Any CPU.Build.0 = Debug|Any CPU
		{EC9089E7-259E-4C96-8FE5-C1090218FD14}.Release|Any CPU.ActiveCfg = Release|Any CPU
		{EC9089E7-259E-4C96-8FE5-C1090218FD14}.Release|Any CPU.Build.0 = Release|Any CPU
	EndGlobalSection
	GlobalSection(SolutionProperties) = preSolution
		HideSolutionNode = FALSE
	EndGlobalSection
	GlobalSection(ExtensibilityGlobals) = postSolution
		SolutionGuid = {D226D0A6-15FC-4314-8142-0D0A98BAC911}
	EndGlobalSection
EndGlobal
